
Microsoft Visual Studio Solution File, Format Version 12.00
# Visual Studio 15
VisualStudioVersion = 15.0.26430.15
MinimumVisualStudioVersion = 10.0.40219.1
Project("{FAE04EC0-301F-11D3-BF4B-00C04F79EFBC}") = "GitHubDemoAspNetApp", "GitHubDemoAspNetApp\GitHubDemoAspNetApp.csproj", "{112BAFE6-4635-4694-BAEB-FC42E685862C}"
EndProject
Project("{FAE04EC0-301F-11D3-BF4B-00C04F79EFBC}") = "GitHubDemoAspNetApp.Tests", "GitHubDemoAspNetApp.Tests\GitHubDemoAspNetApp.Tests.csproj", "{4D367AB4-1013-4214-B1B1-69F861D24EA2}"
EndProject
Project("{2150E333-8FDC-42A3-9474-1A3956D46DE8}") = "Solution Items", "Solution Items", "{1AB785D9-139A-49F2-AF2D-309880482DED}"
	ProjectSection(SolutionItems) = preProject
		README.md = README.md
	EndProjectSection
EndProject
Global
	GlobalSection(SolutionConfigurationPlatforms) = preSolution
		Debug|Any CPU = Debug|Any CPU
		Release|Any CPU = Release|Any CPU
	EndGlobalSection
	GlobalSection(ProjectConfigurationPlatforms) = postSolution
		{112BAFE6-4635-4694-BAEB-FC42E685862C}.Debug|Any CPU.ActiveCfg = Debug|Any CPU
		{112BAFE6-4635-4694-BAEB-FC42E685862C}.Debug|Any CPU.Build.0 = Debug|Any CPU
		{112BAFE6-4635-4694-BAEB-FC42E685862C}.Release|Any CPU.ActiveCfg = Release|Any CPU
		{112BAFE6-4635-4694-BAEB-FC42E685862C}.Release|Any CPU.Build.0 = Release|Any CPU
		{4D367AB4-1013-4214-B1B1-69F861D24EA2}.Debug|Any CPU.ActiveCfg = Debug|Any CPU
		{4D367AB4-1013-4214-B1B1-69F861D24EA2}.Debug|Any CPU.Build.0 = Debug|Any CPU
		{4D367AB4-1013-4214-B1B1-69F861D24EA2}.Release|Any CPU.ActiveCfg = Release|Any CPU
		{4D367AB4-1013-4214-B1B1-69F861D24EA2}.Release|Any CPU.Build.0 = Release|Any CPU
	EndGlobalSection
	GlobalSection(SolutionProperties) = preSolution
		HideSolutionNode = FALSE
	EndGlobalSection
EndGlobal
